
Microsoft Visual Studio Solution File, Format Version 12.00
# Visual Studio 15
VisualStudioVersion = 15.0.27703.2042
MinimumVisualStudioVersion = 10.0.40219.1
Project("{FAE04EC0-301F-11D3-BF4B-00C04F79EFBC}") = "BL", "BL\BL.csproj", "{70CCCD2D-1B61-4C24-8DC7-C82DB4906A49}"
EndProject
Project("{FAE04EC0-301F-11D3-BF4B-00C04F79EFBC}") = "DAL", "DAL\DAL.csproj", "{B254B75E-A8DC-4C04-8176-8222F74BC486}"
EndProject
Project("{FAE04EC0-301F-11D3-BF4B-00C04F79EFBC}") = "EN", "EN\EN.csproj", "{AE59B198-1ED7-455F-B18D-A998A326593B}"
EndProject
Project("{FAE04EC0-301F-11D3-BF4B-00C04F79EFBC}") = "WFFuentes", "WFFuentes\WFFuentes.csproj", "{6A0C9BA4-4B4E-47FB-B4FE-51378410C8BD}"
EndProject
Global
	GlobalSection(SolutionConfigurationPlatforms) = preSolution
		Debug|Any CPU = Debug|Any CPU
		Debug|ARM = Debug|ARM
		Debug|x64 = Debug|x64
		Debug|x86 = Debug|x86
		Release|Any CPU = Release|Any CPU
		Release|ARM = Release|ARM
		Release|x64 = Release|x64
		Release|x86 = Release|x86
	EndGlobalSection
	GlobalSection(ProjectConfigurationPlatforms) = postSolution
		{70CCCD2D-1B61-4C24-8DC7-C82DB4906A49}.Debug|Any CPU.ActiveCfg = Debug|Any CPU
		{70CCCD2D-1B61-4C24-8DC7-C82DB4906A49}.Debug|Any CPU.Build.0 = Debug|Any CPU
		{70CCCD2D-1B61-4C24-8DC7-C82DB4906A49}.Debug|ARM.ActiveCfg = Debug|Any CPU
		{70CCCD2D-1B61-4C24-8DC7-C82DB4906A49}.Debug|ARM.Build.0 = Debug|Any CPU
		{70CCCD2D-1B61-4C24-8DC7-C82DB4906A49}.Debug|x64.ActiveCfg = Debug|Any CPU
		{70CCCD2D-1B61-4C24-8DC7-C82DB4906A49}.Debug|x64.Build.0 = Debug|Any CPU
		{70CCCD2D-1B61-4C24-8DC7-C82DB4906A49}.Debug|x86.ActiveCfg = Debug|Any CPU
		{70CCCD2D-1B61-4C24-8DC7-C82DB4906A49}.Debug|x86.Build.0 = Debug|Any CPU
		{70CCCD2D-1B61-4C24-8DC7-C82DB4906A49}.Release|Any CPU.ActiveCfg = Release|Any CPU
		{70CCCD2D-1B61-4C24-8DC7-C82DB4906A49}.Release|Any CPU.Build.0 = Release|Any CPU
		{70CCCD2D-1B61-4C24-8DC7-C82DB4906A49}.Release|ARM.ActiveCfg = Release|Any CPU
		{70CCCD2D-1B61-4C24-8DC7-C82DB4906A49}.Release|ARM.Build.0 = Release|Any CPU
		{70CCCD2D-1B61-4C24-8DC7-C82DB4906A49}.Release|x64.ActiveCfg = Release|Any CPU
		{70CCCD2D-1B61-4C24-8DC7-C82DB4906A49}.Release|x64.Build.0 = Release|Any CPU
		{70CCCD2D-1B61-4C24-8DC7-C82DB4906A49}.Release|x86.ActiveCfg = Release|Any CPU
		{70CCCD2D-1B61-4C24-8DC7-C82DB4906A49}.Release|x86.Build.0 = Release|Any CPU
		{B254B75E-A8DC-4C04-8176-8222F74BC486}.Debug|Any CPU.ActiveCfg = Debug|Any CPU
		{B254B75E-A8DC-4C04-8176-8222F74BC486}.Debug|Any CPU.Build.0 = Debug|Any CPU
		{B254B75E-A8DC-4C04-8176-8222F74BC486}.Debug|ARM.ActiveCfg = Debug|Any CPU
		{B254B75E-A8DC-4C04-8176-8222F74BC486}.Debug|ARM.Build.0 = Debug|Any CPU
		{B254B75E-A8DC-4C04-8176-8222F74BC486}.Debug|x64.ActiveCfg = Debug|Any CPU
		{B254B75E-A8DC-4C04-8176-8222F74BC486}.Debug|x64.Build.0 = Debug|Any CPU
		{B254B75E-A8DC-4C04-8176-8222F74BC486}.Debug|x86.ActiveCfg = Debug|Any CPU
		{B254B75E-A8DC-4C04-8176-8222F74BC486}.Debug|x86.Build.0 = Debug|Any CPU
		{B254B75E-A8DC-4C04-8176-8222F74BC486}.Release|Any CPU.ActiveCfg = Release|Any CPU
		{B254B75E-A8DC-4C04-8176-8222F74BC486}.Release|Any CPU.Build.0 = Release|Any CPU
		{B254B75E-A8DC-4C04-8176-8222F74BC486}.Release|ARM.ActiveCfg = Release|Any CPU
		{B254B75E-A8DC-4C04-8176-8222F74BC486}.Release|ARM.Build.0 = Release|Any CPU
		{B254B75E-A8DC-4C04-8176-8222F74BC486}.Release|x64.ActiveCfg = Release|Any CPU
		{B254B75E-A8DC-4C04-8176-8222F74BC486}.Release|x64.Build.0 = Release|Any CPU
		{B254B75E-A8DC-4C04-8176-8222F74BC486}.Release|x86.ActiveCfg = Release|Any CPU
		{B254B75E-A8DC-4C04-8176-8222F74BC486}.Release|x86.Build.0 = Release|Any CPU
		{AE59B198-1ED7-455F-B18D-A998A326593B}.Debug|Any CPU.ActiveCfg = Debug|Any CPU
		{AE59B198-1ED7-455F-B18D-A998A326593B}.Debug|Any CPU.Build.0 = Debug|Any CPU
		{AE59B198-1ED7-455F-B18D-A998A326593B}.Debug|ARM.ActiveCfg = Debug|Any CPU
		{AE59B198-1ED7-455F-B18D-A998A326593B}.Debug|ARM.Build.0 = Debug|Any CPU
		{AE59B198-1ED7-455F-B18D-A998A326593B}.Debug|x64.ActiveCfg = Debug|Any CPU
		{AE59B198-1ED7-455F-B18D-A998A326593B}.Debug|x64.Build.0 = Debug|Any CPU
		{AE59B198-1ED7-455F-B18D-A998A326593B}.Debug|x86.ActiveCfg = Debug|Any CPU
		{AE59B198-1ED7-455F-B18D-A998A326593B}.Debug|x86.Build.0 = Debug|Any CPU
		{AE59B198-1ED7-455F-B18D-A998A326593B}.Release|Any CPU.ActiveCfg = Release|Any CPU
		{AE59B198-1ED7-455F-B18D-A998A326593B}.Release|Any CPU.Build.0 = Release|Any CPU
		{AE59B198-1ED7-455F-B18D-A998A326593B}.Release|ARM.ActiveCfg = Release|Any CPU
		{AE59B198-1ED7-455F-B18D-A998A326593B}.Release|ARM.Build.0 = Release|Any CPU
		{AE59B198-1ED7-455F-B18D-A998A326593B}.Release|x64.ActiveCfg = Release|Any CPU
		{AE59B198-1ED7-455F-B18D-A998A326593B}.Release|x64.Build.0 = Release|Any CPU
		{AE59B198-1ED7-455F-B18D-A998A326593B}.Release|x86.ActiveCfg = Release|Any CPU
		{AE59B198-1ED7-455F-B18D-A998A326593B}.Release|x86.Build.0 = Release|Any CPU
		{6A0C9BA4-4B4E-47FB-B4FE-51378410C8BD}.Debug|Any CPU.ActiveCfg = Debug|Any CPU
		{6A0C9BA4-4B4E-47FB-B4FE-51378410C8BD}.Debug|Any CPU.Build.0 = Debug|Any CPU
		{6A0C9BA4-4B4E-47FB-B4FE-51378410C8BD}.Debug|ARM.ActiveCfg = Debug|Any CPU
		{6A0C9BA4-4B4E-47FB-B4FE-51378410C8BD}.Debug|ARM.Build.0 = Debug|Any CPU
		{6A0C9BA4-4B4E-47FB-B4FE-51378410C8BD}.Debug|x64.ActiveCfg = Debug|Any CPU
		{6A0C9BA4-4B4E-47FB-B4FE-51378410C8BD}.Debug|x64.Build.0 = Debug|Any CPU
		{6A0C9BA4-4B4E-47FB-B4FE-51378410C8BD}.Debug|x86.ActiveCfg = Debug|Any CPU
		{6A0C9BA4-4B4E-47FB-B4FE-51378410C8BD}.Debug|x86.Build.0 = Debug|Any CPU
		{6A0C9BA4-4B4E-47FB-B4FE-51378410C8BD}.Release|Any CPU.ActiveCfg = Release|Any CPU
		{6A0C9BA4-4B4E-47FB-B4FE-51378410C8BD}.Release|Any CPU.Build.0 = Release|Any CPU
		{6A0C9BA4-4B4E-47FB-B4FE-51378410C8BD}.Release|ARM.ActiveCfg = Release|Any CPU
		{6A0C9BA4-4B4E-47FB-B4FE-51378410C8BD}.Release|ARM.Build.0 = Release|Any CPU
		{6A0C9BA4-4B4E-47FB-B4FE-51378410C8BD}.Release|x64.ActiveCfg = Release|Any CPU
		{6A0C9BA4-4B4E-47FB-B4FE-51378410C8BD}.Release|x64.Build.0 = Release|Any CPU
		{6A0C9BA4-4B4E-47FB-B4FE-51378410C8BD}.Release|x86.ActiveCfg = Release|Any CPU
		{6A0C9BA4-4B4E-47FB-B4FE-51378410C8BD}.Release|x86.Build.0 = Release|Any CPU
	EndGlobalSection
	GlobalSection(SolutionProperties) = preSolution
		HideSolutionNode = FALSE
	EndGlobalSection
	GlobalSection(ExtensibilityGlobals) = postSolution
		SolutionGuid = {99A6A889-E1B9-4D15-A6DC-70DE18BFD311}
	EndGlobalSection
EndGlobal
